// !$*UTF8*$!
{
	archiveVersion = 1;
	classes = {
	};
	objectVersion = 56;
	objects = {

/* Begin PBXBuildFile section */
		41600DEB768310135978EF3C /* Pods_AppleDevicesImages.framework in Frameworks */ = {isa = PBXBuildFile; fileRef = 83E112E584FED5E42FBF6A37 /* Pods_AppleDevicesImages.framework */; };
		AD16B7DF2B514BAE00383A3F /* AppDelegate.swift in Sources */ = {isa = PBXBuildFile; fileRef = AD16B7DE2B514BAE00383A3F /* AppDelegate.swift */; };
		AD16B7E12B514BAE00383A3F /* SceneDelegate.swift in Sources */ = {isa = PBXBuildFile; fileRef = AD16B7E02B514BAE00383A3F /* SceneDelegate.swift */; };
		AD16B7E32B514BAE00383A3F /* ViewController.swift in Sources */ = {isa = PBXBuildFile; fileRef = AD16B7E22B514BAE00383A3F /* ViewController.swift */; };
		AD16B7E62B514BAE00383A3F /* Main.storyboard in Resources */ = {isa = PBXBuildFile; fileRef = AD16B7E42B514BAE00383A3F /* Main.storyboard */; };
		AD16B7E82B514BAF00383A3F /* Assets.xcassets in Resources */ = {isa = PBXBuildFile; fileRef = AD16B7E72B514BAF00383A3F /* Assets.xcassets */; };
		AD16B7EB2B514BAF00383A3F /* LaunchScreen.storyboard in Resources */ = {isa = PBXBuildFile; fileRef = AD16B7E92B514BAF00383A3F /* LaunchScreen.storyboard */; };
		AD16B7F42B51512800383A3F /* AppleDevicesCollectionViewCell.swift in Sources */ = {isa = PBXBuildFile; fileRef = AD16B7F32B51512800383A3F /* AppleDevicesCollectionViewCell.swift */; };
		AD16B7F72B5151E800383A3F /* AppleDevices.swift in Sources */ = {isa = PBXBuildFile; fileRef = AD16B7F62B5151E800383A3F /* AppleDevices.swift */; };
/* End PBXBuildFile section */

/* Begin PBXFileReference section */
		56583F566B0D312693AC1A01 /* Pods-AppleDevicesImages.debug.xcconfig */ = {isa = PBXFileReference; includeInIndex = 1; lastKnownFileType = text.xcconfig; name = "Pods-AppleDevicesImages.debug.xcconfig"; path = "Target Support Files/Pods-AppleDevicesImages/Pods-AppleDevicesImages.debug.xcconfig"; sourceTree = "<group>"; };
		83E112E584FED5E42FBF6A37 /* Pods_AppleDevicesImages.framework */ = {isa = PBXFileReference; explicitFileType = wrapper.framework; includeInIndex = 0; path = Pods_AppleDevicesImages.framework; sourceTree = BUILT_PRODUCTS_DIR; };
		901A9F53C0F92AFDD799C4BF /* Pods-AppleDevicesImages.release.xcconfig */ = {isa = PBXFileReference; includeInIndex = 1; lastKnownFileType = text.xcconfig; name = "Pods-AppleDevicesImages.release.xcconfig"; path = "Target Support Files/Pods-AppleDevicesImages/Pods-AppleDevicesImages.release.xcconfig"; sourceTree = "<group>"; };
		AD16B7DB2B514BAE00383A3F /* AppleDevicesImages.app */ = {isa = PBXFileReference; explicitFileType = wrapper.application; includeInIndex = 0; path = AppleDevicesImages.app; sourceTree = BUILT_PRODUCTS_DIR; };
		AD16B7DE2B514BAE00383A3F /* AppDelegate.swift */ = {isa = PBXFileReference; lastKnownFileType = sourcecode.swift; path = AppDelegate.swift; sourceTree = "<group>"; };
		AD16B7E02B514BAE00383A3F /* SceneDelegate.swift */ = {isa = PBXFileReference; lastKnownFileType = sourcecode.swift; path = SceneDelegate.swift; sourceTree = "<group>"; };
		AD16B7E22B514BAE00383A3F /* ViewController.swift */ = {isa = PBXFileReference; lastKnownFileType = sourcecode.swift; path = ViewController.swift; sourceTree = "<group>"; };
		AD16B7E52B514BAE00383A3F /* Base */ = {isa = PBXFileReference; lastKnownFileType = file.storyboard; name = Base; path = Base.lproj/Main.storyboard; sourceTree = "<group>"; };
		AD16B7E72B514BAF00383A3F /* Assets.xcassets */ = {isa = PBXFileReference; lastKnownFileType = folder.assetcatalog; path = Assets.xcassets; sourceTree = "<group>"; };
		AD16B7EA2B514BAF00383A3F /* Base */ = {isa = PBXFileReference; lastKnownFileType = file.storyboard; name = Base; path = Base.lproj/LaunchScreen.storyboard; sourceTree = "<group>"; };
		AD16B7EC2B514BAF00383A3F /* Info.plist */ = {isa = PBXFileReference; lastKnownFileType = text.plist.xml; path = Info.plist; sourceTree = "<group>"; };
		AD16B7F32B51512800383A3F /* AppleDevicesCollectionViewCell.swift */ = {isa = PBXFileReference; lastKnownFileType = sourcecode.swift; path = AppleDevicesCollectionViewCell.swift; sourceTree = "<group>"; };
		AD16B7F62B5151E800383A3F /* AppleDevices.swift */ = {isa = PBXFileReference; lastKnownFileType = sourcecode.swift; path = AppleDevices.swift; sourceTree = "<group>"; };
/* End PBXFileReference section */

/* Begin PBXFrameworksBuildPhase section */
		AD16B7D82B514BAE00383A3F /* Frameworks */ = {
			isa = PBXFrameworksBuildPhase;
			buildActionMask = 2147483647;
			files = (
				41600DEB768310135978EF3C /* Pods_AppleDevicesImages.framework in Frameworks */,
			);
			runOnlyForDeploymentPostprocessing = 0;
		};
/* End PBXFrameworksBuildPhase section */

/* Begin PBXGroup section */
		AD16B7D22B514BAE00383A3F = {
			isa = PBXGroup;
			children = (
				AD16B7DD2B514BAE00383A3F /* AppleDevicesImages */,
				AD16B7DC2B514BAE00383A3F /* Products */,
				E26065E9715DE58E0861A763 /* Pods */,
				DFB4FF2FE4D27F9071805763 /* Frameworks */,
			);
			sourceTree = "<group>";
		};
		AD16B7DC2B514BAE00383A3F /* Products */ = {
			isa = PBXGroup;
			children = (
				AD16B7DB2B514BAE00383A3F /* AppleDevicesImages.app */,
			);
			name = Products;
			sourceTree = "<group>";
		};
		AD16B7DD2B514BAE00383A3F /* AppleDevicesImages */ = {
			isa = PBXGroup;
			children = (
				AD16B7F52B5151C700383A3F /* ModelDevices */,
				AD16B7F22B5150EB00383A3F /* AppleDevicesCell */,
				AD16B7DE2B514BAE00383A3F /* AppDelegate.swift */,
				AD16B7E02B514BAE00383A3F /* SceneDelegate.swift */,
				AD16B7E22B514BAE00383A3F /* ViewController.swift */,
				AD16B7E42B514BAE00383A3F /* Main.storyboard */,
				AD16B7E72B514BAF00383A3F /* Assets.xcassets */,
				AD16B7E92B514BAF00383A3F /* LaunchScreen.storyboard */,
				AD16B7EC2B514BAF00383A3F /* Info.plist */,
			);
			path = AppleDevicesImages;
			sourceTree = "<group>";
		};
		AD16B7F22B5150EB00383A3F /* AppleDevicesCell */ = {
			isa = PBXGroup;
			children = (
				AD16B7F32B51512800383A3F /* AppleDevicesCollectionViewCell.swift */,
			);
			path = AppleDevicesCell;
			sourceTree = "<group>";
		};
		AD16B7F52B5151C700383A3F /* ModelDevices */ = {
			isa = PBXGroup;
			children = (
				AD16B7F62B5151E800383A3F /* AppleDevices.swift */,
			);
			path = ModelDevices;
			sourceTree = "<group>";
		};
		DFB4FF2FE4D27F9071805763 /* Frameworks */ = {
			isa = PBXGroup;
			children = (
				83E112E584FED5E42FBF6A37 /* Pods_AppleDevicesImages.framework */,
			);
			name = Frameworks;
			sourceTree = "<group>";
		};
		E26065E9715DE58E0861A763 /* Pods */ = {
			isa = PBXGroup;
			children = (
				56583F566B0D312693AC1A01 /* Pods-AppleDevicesImages.debug.xcconfig */,
				901A9F53C0F92AFDD799C4BF /* Pods-AppleDevicesImages.release.xcconfig */,
			);
			path = Pods;
			sourceTree = "<group>";
		};
/* End PBXGroup section */

/* Begin PBXNativeTarget section */
		AD16B7DA2B514BAE00383A3F /* AppleDevicesImages */ = {
			isa = PBXNativeTarget;
			buildConfigurationList = AD16B7EF2B514BAF00383A3F /* Build configuration list for PBXNativeTarget "AppleDevicesImages" */;
			buildPhases = (
				420DAE8A769DE7AB48FADD07 /* [CP] Check Pods Manifest.lock */,
				AD16B7D72B514BAE00383A3F /* Sources */,
				AD16B7D82B514BAE00383A3F /* Frameworks */,
				AD16B7D92B514BAE00383A3F /* Resources */,
				6C17919EF9EDCAFA2A4A1018 /* [CP] Embed Pods Frameworks */,
			);
			buildRules = (
			);
			dependencies = (
			);
			name = AppleDevicesImages;
			productName = AppleDevicesImages;
			productReference = AD16B7DB2B514BAE00383A3F /* AppleDevicesImages.app */;
			productType = "com.apple.product-type.application";
		};
/* End PBXNativeTarget section */

/* Begin PBXProject section */
		AD16B7D32B514BAE00383A3F /* Project object */ = {
			isa = PBXProject;
			attributes = {
				BuildIndependentTargetsInParallel = 1;
				LastSwiftUpdateCheck = 1510;
				LastUpgradeCheck = 1510;
				TargetAttributes = {
					AD16B7DA2B514BAE00383A3F = {
						CreatedOnToolsVersion = 15.1;
					};
				};
			};
			buildConfigurationList = AD16B7D62B514BAE00383A3F /* Build configuration list for PBXProject "AppleDevicesImages" */;
			compatibilityVersion = "Xcode 14.0";
			developmentRegion = en;
			hasScannedForEncodings = 0;
			knownRegions = (
				en,
				Base,
			);
			mainGroup = AD16B7D22B514BAE00383A3F;
			productRefGroup = AD16B7DC2B514BAE00383A3F /* Products */;
			projectDirPath = "";
			projectRoot = "";
			targets = (
				AD16B7DA2B514BAE00383A3F /* AppleDevicesImages */,
			);
		};
/* End PBXProject section */

/* Begin PBXResourcesBuildPhase section */
		AD16B7D92B514BAE00383A3F /* Resources */ = {
			isa = PBXResourcesBuildPhase;
			buildActionMask = 2147483647;
			files = (
				AD16B7EB2B514BAF00383A3F /* LaunchScreen.storyboard in Resources */,
				AD16B7E82B514BAF00383A3F /* Assets.xcassets in Resources */,
				AD16B7E62B514BAE00383A3F /* Main.storyboard in Resources */,
			);
			runOnlyForDeploymentPostprocessing = 0;
		};
/* End PBXResourcesBuildPhase section */

/* Begin PBXShellScriptBuildPhase section */
		420DAE8A769DE7AB48FADD07 /* [CP] Check Pods Manifest.lock */ = {
			isa = PBXShellScriptBuildPhase;
			buildActionMask = 2147483647;
			files = (
			);
			inputFileListPaths = (
			);
			inputPaths = (
				"${PODS_PODFILE_DIR_PATH}/Podfile.lock",
				"${PODS_ROOT}/Manifest.lock",
			);
			name = "[CP] Check Pods Manifest.lock";
			outputFileListPaths = (
			);
			outputPaths = (
				"$(DERIVED_FILE_DIR)/Pods-AppleDevicesImages-checkManifestLockResult.txt",
			);
			runOnlyForDeploymentPostprocessing = 0;
			shellPath = /bin/sh;
			shellScript = "diff \"${PODS_PODFILE_DIR_PATH}/Podfile.lock\" \"${PODS_ROOT}/Manifest.lock\" > /dev/null\nif [ $? != 0 ] ; then\n    # print error to STDERR\n    echo \"error: The sandbox is not in sync with the Podfile.lock. Run 'pod install' or update your CocoaPods installation.\" >&2\n    exit 1\nfi\n# This output is used by Xcode 'outputs' to avoid re-running this script phase.\necho \"SUCCESS\" > \"${SCRIPT_OUTPUT_FILE_0}\"\n";
			showEnvVarsInLog = 0;
		};
		6C17919EF9EDCAFA2A4A1018 /* [CP] Embed Pods Frameworks */ = {
			isa = PBXShellScriptBuildPhase;
			buildActionMask = 2147483647;
			files = (
			);
			inputFileListPaths = (
				"${PODS_ROOT}/Target Support Files/Pods-AppleDevicesImages/Pods-AppleDevicesImages-frameworks-${CONFIGURATION}-input-files.xcfilelist",
			);
			name = "[CP] Embed Pods Frameworks";
			outputFileListPaths = (
				"${PODS_ROOT}/Target Support Files/Pods-AppleDevicesImages/Pods-AppleDevicesImages-frameworks-${CONFIGURATION}-output-files.xcfilelist",
			);
			runOnlyForDeploymentPostprocessing = 0;
			shellPath = /bin/sh;
			shellScript = "\"${PODS_ROOT}/Target Support Files/Pods-AppleDevicesImages/Pods-AppleDevicesImages-frameworks.sh\"\n";
			showEnvVarsInLog = 0;
		};
/* End PBXShellScriptBuildPhase section */

/* Begin PBXSourcesBuildPhase section */
		AD16B7D72B514BAE00383A3F /* Sources */ = {
			isa = PBXSourcesBuildPhase;
			buildActionMask = 2147483647;
			files = (
				AD16B7E32B514BAE00383A3F /* ViewController.swift in Sources */,
				AD16B7F72B5151E800383A3F /* AppleDevices.swift in Sources */,
				AD16B7DF2B514BAE00383A3F /* AppDelegate.swift in Sources */,
				AD16B7E12B514BAE00383A3F /* SceneDelegate.swift in Sources */,
				AD16B7F42B51512800383A3F /* AppleDevicesCollectionViewCell.swift in Sources */,
			);
			runOnlyForDeploymentPostprocessing = 0;
		};
/* End PBXSourcesBuildPhase section */

/* Begin PBXVariantGroup section */
		AD16B7E42B514BAE00383A3F /* Main.storyboard */ = {
			isa = PBXVariantGroup;
			children = (
				AD16B7E52B514BAE00383A3F /* Base */,
			);
			name = Main.storyboard;
			sourceTree = "<group>";
		};
		AD16B7E92B514BAF00383A3F /* LaunchScreen.storyboard */ = {
			isa = PBXVariantGroup;
			children = (
				AD16B7EA2B514BAF00383A3F /* Base */,
			);
			name = LaunchScreen.storyboard;
			sourceTree = "<group>";
		};
/* End PBXVariantGroup section */

/* Begin XCBuildConfiguration section */
		AD16B7ED2B514BAF00383A3F /* Debug */ = {
			isa = XCBuildConfiguration;
			buildSettings = {
				ALWAYS_SEARCH_USER_PATHS = NO;
				ASSETCATALOG_COMPILER_GENERATE_SWIFT_ASSET_SYMBOL_EXTENSIONS = YES;
				CLANG_ANALYZER_NONNULL = YES;
				CLANG_ANALYZER_NUMBER_OBJECT_CONVERSION = YES_AGGRESSIVE;
				CLANG_CXX_LANGUAGE_STANDARD = "gnu++20";
				CLANG_ENABLE_MODULES = YES;
				CLANG_ENABLE_OBJC_ARC = YES;
				CLANG_ENABLE_OBJC_WEAK = YES;
				CLANG_WARN_BLOCK_CAPTURE_AUTORELEASING = YES;
				CLANG_WARN_BOOL_CONVERSION = YES;
				CLANG_WARN_COMMA = YES;
				CLANG_WARN_CONSTANT_CONVERSION = YES;
				CLANG_WARN_DEPRECATED_OBJC_IMPLEMENTATIONS = YES;
				CLANG_WARN_DIRECT_OBJC_ISA_USAGE = YES_ERROR;
				CLANG_WARN_DOCUMENTATION_COMMENTS = YES;
				CLANG_WARN_EMPTY_BODY = YES;
				CLANG_WARN_ENUM_CONVERSION = YES;
				CLANG_WARN_INFINITE_RECURSION = YES;
				CLANG_WARN_INT_CONVERSION = YES;
				CLANG_WARN_NON_LITERAL_NULL_CONVERSION = YES;
				CLANG_WARN_OBJC_IMPLICIT_RETAIN_SELF = YES;
				CLANG_WARN_OBJC_LITERAL_CONVERSION = YES;
				CLANG_WARN_OBJC_ROOT_CLASS = YES_ERROR;
				CLANG_WARN_QUOTED_INCLUDE_IN_FRAMEWORK_HEADER = YES;
				CLANG_WARN_RANGE_LOOP_ANALYSIS = YES;
				CLANG_WARN_STRICT_PROTOTYPES = YES;
				CLANG_WARN_SUSPICIOUS_MOVE = YES;
				CLANG_WARN_UNGUARDED_AVAILABILITY = YES_AGGRESSIVE;
				CLANG_WARN_UNREACHABLE_CODE = YES;
				CLANG_WARN__DUPLICATE_METHOD_MATCH = YES;
				COPY_PHASE_STRIP = NO;
				DEBUG_INFORMATION_FORMAT = dwarf;
				ENABLE_STRICT_OBJC_MSGSEND = YES;
				ENABLE_TESTABILITY = YES;
				ENABLE_USER_SCRIPT_SANDBOXING = NO;
				GCC_C_LANGUAGE_STANDARD = gnu17;
				GCC_DYNAMIC_NO_PIC = NO;
				GCC_NO_COMMON_BLOCKS = YES;
				GCC_OPTIMIZATION_LEVEL = 0;
				GCC_PREPROCESSOR_DEFINITIONS = (
					"DEBUG=1",
					"$(inherited)",
				);
				GCC_WARN_64_TO_32_BIT_CONVERSION = YES;
				GCC_WARN_ABOUT_RETURN_TYPE = YES_ERROR;
				GCC_WARN_UNDECLARED_SELECTOR = YES;
				GCC_WARN_UNINITIALIZED_AUTOS = YES_AGGRESSIVE;
				GCC_WARN_UNUSED_FUNCTION = YES;
				GCC_WARN_UNUSED_VARIABLE = YES;
				IPHONEOS_DEPLOYMENT_TARGET = 17.2;
				LOCALIZATION_PREFERS_STRING_CATALOGS = YES;
				MTL_ENABLE_DEBUG_INFO = INCLUDE_SOURCE;
				MTL_FAST_MATH = YES;
				ONLY_ACTIVE_ARCH = YES;
				SDKROOT = iphoneos;
				SWIFT_ACTIVE_COMPILATION_CONDITIONS = "DEBUG $(inherited)";
				SWIFT_OPTIMIZATION_LEVEL = "-Onone";
			};
			name = Debug;
		};
		AD16B7EE2B514BAF00383A3F /* Release */ = {
			isa = XCBuildConfiguration;
			buildSettings = {
				ALWAYS_SEARCH_USER_PATHS = NO;
				ASSETCATALOG_COMPILER_GENERATE_SWIFT_ASSET_SYMBOL_EXTENSIONS = YES;
				CLANG_ANALYZER_NONNULL = YES;
				CLANG_ANALYZER_NUMBER_OBJECT_CONVERSION = YES_AGGRESSIVE;
				CLANG_CXX_LANGUAGE_STANDARD = "gnu++20";
				CLANG_ENABLE_MODULES = YES;
				CLANG_ENABLE_OBJC_ARC = YES;
				CLANG_ENABLE_OBJC_WEAK = YES;
				CLANG_WARN_BLOCK_CAPTURE_AUTORELEASING = YES;
				CLANG_WARN_BOOL_CONVERSION = YES;
				CLANG_WARN_COMMA = YES;
				CLANG_WARN_CONSTANT_CONVERSION = YES;
				CLANG_WARN_DEPRECATED_OBJC_IMPLEMENTATIONS = YES;
				CLANG_WARN_DIRECT_OBJC_ISA_USAGE = YES_ERROR;
				CLANG_WARN_DOCUMENTATION_COMMENTS = YES;
				CLANG_WARN_EMPTY_BODY = YES;
				CLANG_WARN_ENUM_CONVERSION = YES;
				CLANG_WARN_INFINITE_RECURSION = YES;
				CLANG_WARN_INT_CONVERSION = YES;
				CLANG_WARN_NON_LITERAL_NULL_CONVERSION = YES;
				CLANG_WARN_OBJC_IMPLICIT_RETAIN_SELF = YES;
				CLANG_WARN_OBJC_LITERAL_CONVERSION = YES;
				CLANG_WARN_OBJC_ROOT_CLASS = YES_ERROR;
				CLANG_WARN_QUOTED_INCLUDE_IN_FRAMEWORK_HEADER = YES;
				CLANG_WARN_RANGE_LOOP_ANALYSIS = YES;
				CLANG_WARN_STRICT_PROTOTYPES = YES;
				CLANG_WARN_SUSPICIOUS_MOVE = YES;
				CLANG_WARN_UNGUARDED_AVAILABILITY = YES_AGGRESSIVE;
				CLANG_WARN_UNREACHABLE_CODE = YES;
				CLANG_WARN__DUPLICATE_METHOD_MATCH = YES;
				COPY_PHASE_STRIP = NO;
				DEBUG_INFORMATION_FORMAT = "dwarf-with-dsym";
				ENABLE_NS_ASSERTIONS = NO;
				ENABLE_STRICT_OBJC_MSGSEND = YES;
				ENABLE_USER_SCRIPT_SANDBOXING = NO;
				GCC_C_LANGUAGE_STANDARD = gnu17;
				GCC_NO_COMMON_BLOCKS = YES;
				GCC_WARN_64_TO_32_BIT_CONVERSION = YES;
				GCC_WARN_ABOUT_RETURN_TYPE = YES_ERROR;
				GCC_WARN_UNDECLARED_SELECTOR = YES;
				GCC_WARN_UNINITIALIZED_AUTOS = YES_AGGRESSIVE;
				GCC_WARN_UNUSED_FUNCTION = YES;
				GCC_WARN_UNUSED_VARIABLE = YES;
				IPHONEOS_DEPLOYMENT_TARGET = 17.2;
				LOCALIZATION_PREFERS_STRING_CATALOGS = YES;
				MTL_ENABLE_DEBUG_INFO = NO;
				MTL_FAST_MATH = YES;
				SDKROOT = iphoneos;
				SWIFT_COMPILATION_MODE = wholemodule;
				VALIDATE_PRODUCT = YES;
			};
			name = Release;
		};
		AD16B7F02B514BAF00383A3F /* Debug */ = {
			isa = XCBuildConfiguration;
			baseConfigurationReference = 56583F566B0D312693AC1A01 /* Pods-AppleDevicesImages.debug.xcconfig */;
			buildSettings = {
				ASSETCATALOG_COMPILER_APPICON_NAME = AppIcon;
				ASSETCATALOG_COMPILER_GLOBAL_ACCENT_COLOR_NAME = AccentColor;
				CODE_SIGN_STYLE = Automatic;
				CURRENT_PROJECT_VERSION = 1;
				DEVELOPMENT_TEAM = Z34RT3MKP2;
				GENERATE_INFOPLIST_FILE = YES;
				INFOPLIST_FILE = AppleDevicesImages/Info.plist;
				INFOPLIST_KEY_UIApplicationSupportsIndirectInputEvents = YES;
				INFOPLIST_KEY_UILaunchStoryboardName = LaunchScreen;
				INFOPLIST_KEY_UIMainStoryboardFile = Main;
				INFOPLIST_KEY_UISupportedInterfaceOrientations_iPad = "UIInterfaceOrientationPortrait UIInterfaceOrientationPortraitUpsideDown UIInterfaceOrientationLandscapeLeft UIInterfaceOrientationLandscapeRight";
				INFOPLIST_KEY_UISupportedInterfaceOrientations_iPhone = "UIInterfaceOrientationPortrait UIInterfaceOrientationLandscapeLeft UIInterfaceOrientationLandscapeRight";
				LD_RUNPATH_SEARCH_PATHS = (
					"$(inherited)",
					"@executable_path/Frameworks",
				);
				MARKETING_VERSION = 1.0;
				PRODUCT_BUNDLE_IDENTIFIER = com.azinavi.AppleDevicesImages;
				PRODUCT_NAME = "$(TARGET_NAME)";
				SWIFT_EMIT_LOC_STRINGS = YES;
				SWIFT_VERSION = 5.0;
				TARGETED_DEVICE_FAMILY = "1,2";
			};
			name = Debug;
		};
		AD16B7F12B514BAF00383A3F /* Release */ = {
			isa = XCBuildConfiguration;
			baseConfigurationReference = 901A9F53C0F92AFDD799C4BF /* Pods-AppleDevicesImages.release.xcconfig */;
			buildSettings = {
				ASSETCATALOG_COMPILER_APPICON_NAME = AppIcon;
				ASSETCATALOG_COMPILER_GLOBAL_ACCENT_COLOR_NAME = AccentColor;
				CODE_SIGN_STYLE = Automatic;
				CURRENT_PROJECT_VERSION = 1;
				DEVELOPMENT_TEAM = Z34RT3MKP2;
				GENERATE_INFOPLIST_FILE = YES;
				INFOPLIST_FILE = AppleDevicesImages/Info.plist;
				INFOPLIST_KEY_UIApplicationSupportsIndirectInputEvents = YES;
				INFOPLIST_KEY_UILaunchStoryboardName = LaunchScreen;
				INFOPLIST_KEY_UIMainStoryboardFile = Main;
				INFOPLIST_KEY_UISupportedInterfaceOrientations_iPad = "UIInterfaceOrientationPortrait UIInterfaceOrientationPortraitUpsideDown UIInterfaceOrientationLandscapeLeft UIInterfaceOrientationLandscapeRight";
				INFOPLIST_KEY_UISupportedInterfaceOrientations_iPhone = "UIInterfaceOrientationPortrait UIInterfaceOrientationLandscapeLeft UIInterfaceOrientationLandscapeRight";
				LD_RUNPATH_SEARCH_PATHS = (
					"$(inherited)",
					"@executable_path/Frameworks",
				);
				MARKETING_VERSION = 1.0;
				PRODUCT_BUNDLE_IDENTIFIER = com.azinavi.AppleDevicesImages;
				PRODUCT_NAME = "$(TARGET_NAME)";
				SWIFT_EMIT_LOC_STRINGS = YES;
				SWIFT_VERSION = 5.0;
				TARGETED_DEVICE_FAMILY = "1,2";
			};
			name = Release;
		};
/* End XCBuildConfiguration section */

/* Begin XCConfigurationList section */
		AD16B7D62B514BAE00383A3F /* Build configuration list for PBXProject "AppleDevicesImages" */ = {
			isa = XCConfigurationList;
			buildConfigurations = (
				AD16B7ED2B514BAF00383A3F /* Debug */,
				AD16B7EE2B514BAF00383A3F /* Release */,
			);
			defaultConfigurationIsVisible = 0;
			defaultConfigurationName = Release;
		};
		AD16B7EF2B514BAF00383A3F /* Build configuration list for PBXNativeTarget "AppleDevicesImages" */ = {
			isa = XCConfigurationList;
			buildConfigurations = (
				AD16B7F02B514BAF00383A3F /* Debug */,
				AD16B7F12B514BAF00383A3F /* Release */,
			);
			defaultConfigurationIsVisible = 0;
			defaultConfigurationName = Release;
		};
/* End XCConfigurationList section */
	};
	rootObject = AD16B7D32B514BAE00383A3F /* Project object */;
}
